{
  "pins" : [
    {
      "identity" : "swiftkeychainwrapper",
      "kind" : "remoteSourceControl",
      "location" : "https://github.com/jrendel/SwiftKeychainWrapper",
      "state" : {
        "branch" : "develop",
        "revision" : "a3e100403a231040a55c66dd80fdadb9503abf19"
      }
    }
  ],
  "version" : 2
}
