// !$*UTF8*$!
{
	archiveVersion = 1;
	classes = {
	};
	objectVersion = 56;
	objects = {

/* Begin PBXBuildFile section */
		D70DF7E42A31DE8B001B98E5 /* ChatsApp.swift in Sources */ = {isa = PBXBuildFile; fileRef = D70DF7E32A31DE8B001B98E5 /* ChatsApp.swift */; };
		D70DF7E62A31DE8B001B98E5 /* AuthView.swift in Sources */ = {isa = PBXBuildFile; fileRef = D70DF7E52A31DE8B001B98E5 /* AuthView.swift */; };
		D70DF7E82A31DE8E001B98E5 /* Assets.xcassets in Resources */ = {isa = PBXBuildFile; fileRef = D70DF7E72A31DE8E001B98E5 /* Assets.xcassets */; };
		D70DF7EB2A31DE8E001B98E5 /* Preview Assets.xcassets in Resources */ = {isa = PBXBuildFile; fileRef = D70DF7EA2A31DE8E001B98E5 /* Preview Assets.xcassets */; };
		D766A3DE2A321341004E17FF /* SquaredButton.swift in Sources */ = {isa = PBXBuildFile; fileRef = D766A3DD2A321341004E17FF /* SquaredButton.swift */; };
		D766A3E22A321D2E004E17FF /* ErrorMessages.swift in Sources */ = {isa = PBXBuildFile; fileRef = D766A3E12A321D2E004E17FF /* ErrorMessages.swift */; };
		D766A3E42A324BC6004E17FF /* SuccessfulResponses.swift in Sources */ = {isa = PBXBuildFile; fileRef = D766A3E32A324BC6004E17FF /* SuccessfulResponses.swift */; };
		D766A3E62A324C67004E17FF /* Decoder.swift in Sources */ = {isa = PBXBuildFile; fileRef = D766A3E52A324C67004E17FF /* Decoder.swift */; };
		D766A3EA2A325524004E17FF /* AuthService.swift in Sources */ = {isa = PBXBuildFile; fileRef = D766A3E92A325524004E17FF /* AuthService.swift */; };
		D787665D2A31E01D002B9717 /* UnauthorisedError.swift in Sources */ = {isa = PBXBuildFile; fileRef = D78766592A31E01D002B9717 /* UnauthorisedError.swift */; };
		D787665E2A31E01D002B9717 /* NotFoundError.swift in Sources */ = {isa = PBXBuildFile; fileRef = D787665A2A31E01D002B9717 /* NotFoundError.swift */; };
		D787665F2A31E01D002B9717 /* ValidationError.swift in Sources */ = {isa = PBXBuildFile; fileRef = D787665B2A31E01D002B9717 /* ValidationError.swift */; };
		D78766602A31E01D002B9717 /* ServerError.swift in Sources */ = {isa = PBXBuildFile; fileRef = D787665C2A31E01D002B9717 /* ServerError.swift */; };
		D78766632A31E04C002B9717 /* AuthData.swift in Sources */ = {isa = PBXBuildFile; fileRef = D78766622A31E04C002B9717 /* AuthData.swift */; };
		D787666E2A31E0E5002B9717 /* NetworkProtocol.swift in Sources */ = {isa = PBXBuildFile; fileRef = D787666C2A31E0E5002B9717 /* NetworkProtocol.swift */; };
		D787666F2A31E0E5002B9717 /* NetworkService.swift in Sources */ = {isa = PBXBuildFile; fileRef = D787666D2A31E0E5002B9717 /* NetworkService.swift */; };
		D78766712A31E186002B9717 /* NetworkMonitor.swift in Sources */ = {isa = PBXBuildFile; fileRef = D78766702A31E185002B9717 /* NetworkMonitor.swift */; };
		D7F746592A31EA9600E6D06D /* AuthViewModel.swift in Sources */ = {isa = PBXBuildFile; fileRef = D7F746582A31EA9600E6D06D /* AuthViewModel.swift */; };
		D7F7465D2A31FB4100E6D06D /* ViewModifiers.swift in Sources */ = {isa = PBXBuildFile; fileRef = D7F7465C2A31FB4100E6D06D /* ViewModifiers.swift */; };
		D7B99B742A32E9BC00992624 /* Endpoints.swift in Sources */ = {isa = PBXBuildFile; fileRef = D7B99B732A32E9BC00992624 /* Endpoints.swift */; };
/* End PBXBuildFile section */

/* Begin PBXFileReference section */
		D70DF7E02A31DE8B001B98E5 /* Chats.app */ = {isa = PBXFileReference; explicitFileType = wrapper.application; includeInIndex = 0; path = Chats.app; sourceTree = BUILT_PRODUCTS_DIR; };
		D70DF7E32A31DE8B001B98E5 /* ChatsApp.swift */ = {isa = PBXFileReference; lastKnownFileType = sourcecode.swift; path = ChatsApp.swift; sourceTree = "<group>"; };
		D70DF7E52A31DE8B001B98E5 /* AuthView.swift */ = {isa = PBXFileReference; lastKnownFileType = sourcecode.swift; path = AuthView.swift; sourceTree = "<group>"; };
		D70DF7E72A31DE8E001B98E5 /* Assets.xcassets */ = {isa = PBXFileReference; lastKnownFileType = folder.assetcatalog; path = Assets.xcassets; sourceTree = "<group>"; };
		D70DF7EA2A31DE8E001B98E5 /* Preview Assets.xcassets */ = {isa = PBXFileReference; lastKnownFileType = folder.assetcatalog; path = "Preview Assets.xcassets"; sourceTree = "<group>"; };
		D766A3DD2A321341004E17FF /* SquaredButton.swift */ = {isa = PBXFileReference; lastKnownFileType = sourcecode.swift; path = SquaredButton.swift; sourceTree = "<group>"; };
		D766A3E12A321D2E004E17FF /* ErrorMessages.swift */ = {isa = PBXFileReference; lastKnownFileType = sourcecode.swift; path = ErrorMessages.swift; sourceTree = "<group>"; };
		D766A3E32A324BC6004E17FF /* SuccessfulResponses.swift */ = {isa = PBXFileReference; lastKnownFileType = sourcecode.swift; path = SuccessfulResponses.swift; sourceTree = "<group>"; };
		D766A3E52A324C67004E17FF /* Decoder.swift */ = {isa = PBXFileReference; lastKnownFileType = sourcecode.swift; path = Decoder.swift; sourceTree = "<group>"; };
		D766A3E92A325524004E17FF /* AuthService.swift */ = {isa = PBXFileReference; lastKnownFileType = sourcecode.swift; path = AuthService.swift; sourceTree = "<group>"; };
		D78766592A31E01D002B9717 /* UnauthorisedError.swift */ = {isa = PBXFileReference; fileEncoding = 4; lastKnownFileType = sourcecode.swift; path = UnauthorisedError.swift; sourceTree = "<group>"; };
		D787665A2A31E01D002B9717 /* NotFoundError.swift */ = {isa = PBXFileReference; fileEncoding = 4; lastKnownFileType = sourcecode.swift; path = NotFoundError.swift; sourceTree = "<group>"; };
		D787665B2A31E01D002B9717 /* ValidationError.swift */ = {isa = PBXFileReference; fileEncoding = 4; lastKnownFileType = sourcecode.swift; path = ValidationError.swift; sourceTree = "<group>"; };
		D787665C2A31E01D002B9717 /* ServerError.swift */ = {isa = PBXFileReference; fileEncoding = 4; lastKnownFileType = sourcecode.swift; path = ServerError.swift; sourceTree = "<group>"; };
		D78766622A31E04C002B9717 /* AuthData.swift */ = {isa = PBXFileReference; fileEncoding = 4; lastKnownFileType = sourcecode.swift; path = AuthData.swift; sourceTree = "<group>"; };
		D787666C2A31E0E5002B9717 /* NetworkProtocol.swift */ = {isa = PBXFileReference; fileEncoding = 4; lastKnownFileType = sourcecode.swift; path = NetworkProtocol.swift; sourceTree = "<group>"; };
		D787666D2A31E0E5002B9717 /* NetworkService.swift */ = {isa = PBXFileReference; fileEncoding = 4; lastKnownFileType = sourcecode.swift; path = NetworkService.swift; sourceTree = "<group>"; };
		D78766702A31E185002B9717 /* NetworkMonitor.swift */ = {isa = PBXFileReference; fileEncoding = 4; lastKnownFileType = sourcecode.swift; path = NetworkMonitor.swift; sourceTree = "<group>"; };
		D7F746582A31EA9600E6D06D /* AuthViewModel.swift */ = {isa = PBXFileReference; lastKnownFileType = sourcecode.swift; path = AuthViewModel.swift; sourceTree = "<group>"; };
		D7F7465C2A31FB4100E6D06D /* ViewModifiers.swift */ = {isa = PBXFileReference; lastKnownFileType = sourcecode.swift; path = ViewModifiers.swift; sourceTree = "<group>"; };
		D7B99B732A32E9BC00992624 /* Endpoints.swift */ = {isa = PBXFileReference; lastKnownFileType = sourcecode.swift; path = Endpoints.swift; sourceTree = "<group>"; };
/* End PBXFileReference section */

/* Begin PBXFrameworksBuildPhase section */
		D70DF7DD2A31DE8B001B98E5 /* Frameworks */ = {
			isa = PBXFrameworksBuildPhase;
			buildActionMask = 2147483647;
			files = (
			);
			runOnlyForDeploymentPostprocessing = 0;
		};
/* End PBXFrameworksBuildPhase section */

/* Begin PBXGroup section */
		D70DF7D72A31DE8B001B98E5 = {
			isa = PBXGroup;
			children = (
				D70DF7E22A31DE8B001B98E5 /* Chats */,
				D70DF7E12A31DE8B001B98E5 /* Products */,
			);
			sourceTree = "<group>";
		};
		D70DF7E12A31DE8B001B98E5 /* Products */ = {
			isa = PBXGroup;
			children = (
				D70DF7E02A31DE8B001B98E5 /* Chats.app */,
			);
			name = Products;
			sourceTree = "<group>";
		};
		D70DF7E22A31DE8B001B98E5 /* Chats */ = {
			isa = PBXGroup;
			children = (
				D70DF7E32A31DE8B001B98E5 /* ChatsApp.swift */,
				D7F746552A31E9C900E6D06D /* Screens */,
				D7F7465A2A31FB0A00E6D06D /* CustomViews */,
				D78766572A31DFF7002B9717 /* Models */,
				D787666A2A31E0C6002B9717 /* Services */,
				D766A3E02A321D15004E17FF /* Utilites */,
				D70DF7E72A31DE8E001B98E5 /* Assets.xcassets */,
				D70DF7E92A31DE8E001B98E5 /* Preview Content */,
			);
			path = Chats;
			sourceTree = "<group>";
		};
		D70DF7E92A31DE8E001B98E5 /* Preview Content */ = {
			isa = PBXGroup;
			children = (
				D70DF7EA2A31DE8E001B98E5 /* Preview Assets.xcassets */,
			);
			path = "Preview Content";
			sourceTree = "<group>";
		};
		D766A3DF2A32134A004E17FF /* Buttons */ = {
			isa = PBXGroup;
			children = (
				D766A3DD2A321341004E17FF /* SquaredButton.swift */,
			);
			path = Buttons;
			sourceTree = "<group>";
		};
		D766A3E02A321D15004E17FF /* Utilites */ = {
			isa = PBXGroup;
			children = (
				D766A3E12A321D2E004E17FF /* ErrorMessages.swift */,
				D766A3E52A324C67004E17FF /* Decoder.swift */,
			);
			path = Utilites;
			sourceTree = "<group>";
		};
		D766A3E82A32550F004E17FF /* AuthService */ = {
			isa = PBXGroup;
			children = (
				D766A3E92A325524004E17FF /* AuthService.swift */,
			);
			path = AuthService;
			sourceTree = "<group>";
		};
		D78766572A31DFF7002B9717 /* Models */ = {
			isa = PBXGroup;
			children = (
				D766A3E32A324BC6004E17FF /* SuccessfulResponses.swift */,
				D78766612A31E04C002B9717 /* AuthData */,
				D78766582A31E003002B9717 /* ServerError */,
			);
			path = Models;
			sourceTree = "<group>";
		};
		D78766582A31E003002B9717 /* ServerError */ = {
			isa = PBXGroup;
			children = (
				D787665A2A31E01D002B9717 /* NotFoundError.swift */,
				D787665C2A31E01D002B9717 /* ServerError.swift */,
				D78766592A31E01D002B9717 /* UnauthorisedError.swift */,
				D787665B2A31E01D002B9717 /* ValidationError.swift */,
			);
			path = ServerError;
			sourceTree = "<group>";
		};
		D78766612A31E04C002B9717 /* AuthData */ = {
			isa = PBXGroup;
			children = (
				D78766622A31E04C002B9717 /* AuthData.swift */,
			);
			path = AuthData;
			sourceTree = "<group>";
		};
		D787666A2A31E0C6002B9717 /* Services */ = {
			isa = PBXGroup;
			children = (
				D766A3E82A32550F004E17FF /* AuthService */,
				D787666B2A31E0D1002B9717 /* Networking */,
			);
			path = Services;
			sourceTree = "<group>";
		};
		D787666B2A31E0D1002B9717 /* Networking */ = {
			isa = PBXGroup;
			children = (
				D787666C2A31E0E5002B9717 /* NetworkProtocol.swift */,
				D787666D2A31E0E5002B9717 /* NetworkService.swift */,
				D78766702A31E185002B9717 /* NetworkMonitor.swift */,
				D7B99B732A32E9BC00992624 /* Endpoints.swift */,
			);
			path = Networking;
			sourceTree = "<group>";
		};
		D7F746552A31E9C900E6D06D /* Screens */ = {
			isa = PBXGroup;
			children = (
				D70DF7E52A31DE8B001B98E5 /* AuthView.swift */,
				D7F746582A31EA9600E6D06D /* AuthViewModel.swift */,
			);
			path = Screens;
			sourceTree = "<group>";
		};
		D7F7465A2A31FB0A00E6D06D /* CustomViews */ = {
			isa = PBXGroup;
			children = (
				D7F7465B2A31FB1C00E6D06D /* ViewModifiers */,
				D766A3DF2A32134A004E17FF /* Buttons */,
			);
			path = CustomViews;
			sourceTree = "<group>";
		};
		D7F7465B2A31FB1C00E6D06D /* ViewModifiers */ = {
			isa = PBXGroup;
			children = (
				D7F7465C2A31FB4100E6D06D /* ViewModifiers.swift */,
			);
			path = ViewModifiers;
			sourceTree = "<group>";
		};
/* End PBXGroup section */

/* Begin PBXNativeTarget section */
		D70DF7DF2A31DE8B001B98E5 /* Chats */ = {
			isa = PBXNativeTarget;
			buildConfigurationList = D70DF7EE2A31DE8E001B98E5 /* Build configuration list for PBXNativeTarget "Chats" */;
			buildPhases = (
				D70DF7DC2A31DE8B001B98E5 /* Sources */,
				D70DF7DD2A31DE8B001B98E5 /* Frameworks */,
				D70DF7DE2A31DE8B001B98E5 /* Resources */,
			);
			buildRules = (
			);
			dependencies = (
			);
			name = Chats;
			productName = Chats;
			productReference = D70DF7E02A31DE8B001B98E5 /* Chats.app */;
			productType = "com.apple.product-type.application";
		};
/* End PBXNativeTarget section */

/* Begin PBXProject section */
		D70DF7D82A31DE8B001B98E5 /* Project object */ = {
			isa = PBXProject;
			attributes = {
				BuildIndependentTargetsInParallel = 1;
				LastSwiftUpdateCheck = 1420;
				LastUpgradeCheck = 1420;
				TargetAttributes = {
					D70DF7DF2A31DE8B001B98E5 = {
						CreatedOnToolsVersion = 14.2;
					};
				};
			};
			buildConfigurationList = D70DF7DB2A31DE8B001B98E5 /* Build configuration list for PBXProject "Chats" */;
			compatibilityVersion = "Xcode 14.0";
			developmentRegion = en;
			hasScannedForEncodings = 0;
			knownRegions = (
				en,
				Base,
			);
			mainGroup = D70DF7D72A31DE8B001B98E5;
			productRefGroup = D70DF7E12A31DE8B001B98E5 /* Products */;
			projectDirPath = "";
			projectRoot = "";
			targets = (
				D70DF7DF2A31DE8B001B98E5 /* Chats */,
			);
		};
/* End PBXProject section */

/* Begin PBXResourcesBuildPhase section */
		D70DF7DE2A31DE8B001B98E5 /* Resources */ = {
			isa = PBXResourcesBuildPhase;
			buildActionMask = 2147483647;
			files = (
				D70DF7EB2A31DE8E001B98E5 /* Preview Assets.xcassets in Resources */,
				D70DF7E82A31DE8E001B98E5 /* Assets.xcassets in Resources */,
			);
			runOnlyForDeploymentPostprocessing = 0;
		};
/* End PBXResourcesBuildPhase section */

/* Begin PBXSourcesBuildPhase section */
		D70DF7DC2A31DE8B001B98E5 /* Sources */ = {
			isa = PBXSourcesBuildPhase;
			buildActionMask = 2147483647;
			files = (
				D766A3E22A321D2E004E17FF /* ErrorMessages.swift in Sources */,
				D70DF7E62A31DE8B001B98E5 /* AuthView.swift in Sources */,
				D787665F2A31E01D002B9717 /* ValidationError.swift in Sources */,
				D766A3DE2A321341004E17FF /* SquaredButton.swift in Sources */,
				D787665E2A31E01D002B9717 /* NotFoundError.swift in Sources */,
				D7F7465D2A31FB4100E6D06D /* ViewModifiers.swift in Sources */,
				D78766632A31E04C002B9717 /* AuthData.swift in Sources */,
				D787666F2A31E0E5002B9717 /* NetworkService.swift in Sources */,
				D766A3E42A324BC6004E17FF /* SuccessfulResponses.swift in Sources */,
				D787666E2A31E0E5002B9717 /* NetworkProtocol.swift in Sources */,
				D787665D2A31E01D002B9717 /* UnauthorisedError.swift in Sources */,
				D7F746592A31EA9600E6D06D /* AuthViewModel.swift in Sources */,
				D78766712A31E186002B9717 /* NetworkMonitor.swift in Sources */,
				D70DF7E42A31DE8B001B98E5 /* ChatsApp.swift in Sources */,
				D766A3EA2A325524004E17FF /* AuthService.swift in Sources */,
				D766A3E62A324C67004E17FF /* Decoder.swift in Sources */,
				D78766602A31E01D002B9717 /* ServerError.swift in Sources */,
				D7B99B742A32E9BC00992624 /* Endpoints.swift in Sources */,
			);
			runOnlyForDeploymentPostprocessing = 0;
		};
/* End PBXSourcesBuildPhase section */

/* Begin XCBuildConfiguration section */
		D70DF7EC2A31DE8E001B98E5 /* Debug */ = {
			isa = XCBuildConfiguration;
			buildSettings = {
				ALWAYS_SEARCH_USER_PATHS = NO;
				CLANG_ANALYZER_NONNULL = YES;
				CLANG_ANALYZER_NUMBER_OBJECT_CONVERSION = YES_AGGRESSIVE;
				CLANG_CXX_LANGUAGE_STANDARD = "gnu++20";
				CLANG_ENABLE_MODULES = YES;
				CLANG_ENABLE_OBJC_ARC = YES;
				CLANG_ENABLE_OBJC_WEAK = YES;
				CLANG_WARN_BLOCK_CAPTURE_AUTORELEASING = YES;
				CLANG_WARN_BOOL_CONVERSION = YES;
				CLANG_WARN_COMMA = YES;
				CLANG_WARN_CONSTANT_CONVERSION = YES;
				CLANG_WARN_DEPRECATED_OBJC_IMPLEMENTATIONS = YES;
				CLANG_WARN_DIRECT_OBJC_ISA_USAGE = YES_ERROR;
				CLANG_WARN_DOCUMENTATION_COMMENTS = YES;
				CLANG_WARN_EMPTY_BODY = YES;
				CLANG_WARN_ENUM_CONVERSION = YES;
				CLANG_WARN_INFINITE_RECURSION = YES;
				CLANG_WARN_INT_CONVERSION = YES;
				CLANG_WARN_NON_LITERAL_NULL_CONVERSION = YES;
				CLANG_WARN_OBJC_IMPLICIT_RETAIN_SELF = YES;
				CLANG_WARN_OBJC_LITERAL_CONVERSION = YES;
				CLANG_WARN_OBJC_ROOT_CLASS = YES_ERROR;
				CLANG_WARN_QUOTED_INCLUDE_IN_FRAMEWORK_HEADER = YES;
				CLANG_WARN_RANGE_LOOP_ANALYSIS = YES;
				CLANG_WARN_STRICT_PROTOTYPES = YES;
				CLANG_WARN_SUSPICIOUS_MOVE = YES;
				CLANG_WARN_UNGUARDED_AVAILABILITY = YES_AGGRESSIVE;
				CLANG_WARN_UNREACHABLE_CODE = YES;
				CLANG_WARN__DUPLICATE_METHOD_MATCH = YES;
				COPY_PHASE_STRIP = NO;
				DEBUG_INFORMATION_FORMAT = dwarf;
				ENABLE_STRICT_OBJC_MSGSEND = YES;
				ENABLE_TESTABILITY = YES;
				GCC_C_LANGUAGE_STANDARD = gnu11;
				GCC_DYNAMIC_NO_PIC = NO;
				GCC_NO_COMMON_BLOCKS = YES;
				GCC_OPTIMIZATION_LEVEL = 0;
				GCC_PREPROCESSOR_DEFINITIONS = (
					"DEBUG=1",
					"$(inherited)",
				);
				GCC_WARN_64_TO_32_BIT_CONVERSION = YES;
				GCC_WARN_ABOUT_RETURN_TYPE = YES_ERROR;
				GCC_WARN_UNDECLARED_SELECTOR = YES;
				GCC_WARN_UNINITIALIZED_AUTOS = YES_AGGRESSIVE;
				GCC_WARN_UNUSED_FUNCTION = YES;
				GCC_WARN_UNUSED_VARIABLE = YES;
				IPHONEOS_DEPLOYMENT_TARGET = 15;
				MTL_ENABLE_DEBUG_INFO = INCLUDE_SOURCE;
				MTL_FAST_MATH = YES;
				ONLY_ACTIVE_ARCH = YES;
				SDKROOT = iphoneos;
				SWIFT_ACTIVE_COMPILATION_CONDITIONS = DEBUG;
				SWIFT_OPTIMIZATION_LEVEL = "-Onone";
			};
			name = Debug;
		};
		D70DF7ED2A31DE8E001B98E5 /* Release */ = {
			isa = XCBuildConfiguration;
			buildSettings = {
				ALWAYS_SEARCH_USER_PATHS = NO;
				CLANG_ANALYZER_NONNULL = YES;
				CLANG_ANALYZER_NUMBER_OBJECT_CONVERSION = YES_AGGRESSIVE;
				CLANG_CXX_LANGUAGE_STANDARD = "gnu++20";
				CLANG_ENABLE_MODULES = YES;
				CLANG_ENABLE_OBJC_ARC = YES;
				CLANG_ENABLE_OBJC_WEAK = YES;
				CLANG_WARN_BLOCK_CAPTURE_AUTORELEASING = YES;
				CLANG_WARN_BOOL_CONVERSION = YES;
				CLANG_WARN_COMMA = YES;
				CLANG_WARN_CONSTANT_CONVERSION = YES;
				CLANG_WARN_DEPRECATED_OBJC_IMPLEMENTATIONS = YES;
				CLANG_WARN_DIRECT_OBJC_ISA_USAGE = YES_ERROR;
				CLANG_WARN_DOCUMENTATION_COMMENTS = YES;
				CLANG_WARN_EMPTY_BODY = YES;
				CLANG_WARN_ENUM_CONVERSION = YES;
				CLANG_WARN_INFINITE_RECURSION = YES;
				CLANG_WARN_INT_CONVERSION = YES;
				CLANG_WARN_NON_LITERAL_NULL_CONVERSION = YES;
				CLANG_WARN_OBJC_IMPLICIT_RETAIN_SELF = YES;
				CLANG_WARN_OBJC_LITERAL_CONVERSION = YES;
				CLANG_WARN_OBJC_ROOT_CLASS = YES_ERROR;
				CLANG_WARN_QUOTED_INCLUDE_IN_FRAMEWORK_HEADER = YES;
				CLANG_WARN_RANGE_LOOP_ANALYSIS = YES;
				CLANG_WARN_STRICT_PROTOTYPES = YES;
				CLANG_WARN_SUSPICIOUS_MOVE = YES;
				CLANG_WARN_UNGUARDED_AVAILABILITY = YES_AGGRESSIVE;
				CLANG_WARN_UNREACHABLE_CODE = YES;
				CLANG_WARN__DUPLICATE_METHOD_MATCH = YES;
				COPY_PHASE_STRIP = NO;
				DEBUG_INFORMATION_FORMAT = "dwarf-with-dsym";
				ENABLE_NS_ASSERTIONS = NO;
				ENABLE_STRICT_OBJC_MSGSEND = YES;
				GCC_C_LANGUAGE_STANDARD = gnu11;
				GCC_NO_COMMON_BLOCKS = YES;
				GCC_WARN_64_TO_32_BIT_CONVERSION = YES;
				GCC_WARN_ABOUT_RETURN_TYPE = YES_ERROR;
				GCC_WARN_UNDECLARED_SELECTOR = YES;
				GCC_WARN_UNINITIALIZED_AUTOS = YES_AGGRESSIVE;
				GCC_WARN_UNUSED_FUNCTION = YES;
				GCC_WARN_UNUSED_VARIABLE = YES;
				IPHONEOS_DEPLOYMENT_TARGET = 15;
				MTL_ENABLE_DEBUG_INFO = NO;
				MTL_FAST_MATH = YES;
				SDKROOT = iphoneos;
				SWIFT_COMPILATION_MODE = wholemodule;
				SWIFT_OPTIMIZATION_LEVEL = "-O";
				VALIDATE_PRODUCT = YES;
			};
			name = Release;
		};
		D70DF7EF2A31DE8E001B98E5 /* Debug */ = {
			isa = XCBuildConfiguration;
			buildSettings = {
				ASSETCATALOG_COMPILER_APPICON_NAME = AppIcon;
				ASSETCATALOG_COMPILER_GLOBAL_ACCENT_COLOR_NAME = AccentColor;
				CODE_SIGN_STYLE = Automatic;
				CURRENT_PROJECT_VERSION = 1;
				DEVELOPMENT_ASSET_PATHS = "\"Chats/Preview Content\"";
				DEVELOPMENT_TEAM = 95D5HHTHLU;
				ENABLE_PREVIEWS = YES;
				GENERATE_INFOPLIST_FILE = YES;
				INFOPLIST_KEY_UIApplicationSceneManifest_Generation = YES;
				INFOPLIST_KEY_UIApplicationSupportsIndirectInputEvents = YES;
				INFOPLIST_KEY_UILaunchScreen_Generation = YES;
				INFOPLIST_KEY_UISupportedInterfaceOrientations_iPad = "UIInterfaceOrientationPortrait UIInterfaceOrientationPortraitUpsideDown UIInterfaceOrientationLandscapeLeft UIInterfaceOrientationLandscapeRight";
				INFOPLIST_KEY_UISupportedInterfaceOrientations_iPhone = "UIInterfaceOrientationPortrait UIInterfaceOrientationLandscapeLeft UIInterfaceOrientationLandscapeRight";
				IPHONEOS_DEPLOYMENT_TARGET = 15;
				LD_RUNPATH_SEARCH_PATHS = (
					"$(inherited)",
					"@executable_path/Frameworks",
				);
				MARKETING_VERSION = 1.0;
				PRODUCT_BUNDLE_IDENTIFIER = MichailDev.Chats;
				PRODUCT_NAME = "$(TARGET_NAME)";
				SUPPORTED_PLATFORMS = "iphoneos iphonesimulator";
				SUPPORTS_MACCATALYST = NO;
				SUPPORTS_MAC_DESIGNED_FOR_IPHONE_IPAD = NO;
				SWIFT_EMIT_LOC_STRINGS = YES;
				SWIFT_VERSION = 5.0;
				TARGETED_DEVICE_FAMILY = 1;
			};
			name = Debug;
		};
		D70DF7F02A31DE8E001B98E5 /* Release */ = {
			isa = XCBuildConfiguration;
			buildSettings = {
				ASSETCATALOG_COMPILER_APPICON_NAME = AppIcon;
				ASSETCATALOG_COMPILER_GLOBAL_ACCENT_COLOR_NAME = AccentColor;
				CODE_SIGN_STYLE = Automatic;
				CURRENT_PROJECT_VERSION = 1;
				DEVELOPMENT_ASSET_PATHS = "\"Chats/Preview Content\"";
				DEVELOPMENT_TEAM = 95D5HHTHLU;
				ENABLE_PREVIEWS = YES;
				GENERATE_INFOPLIST_FILE = YES;
				INFOPLIST_KEY_UIApplicationSceneManifest_Generation = YES;
				INFOPLIST_KEY_UIApplicationSupportsIndirectInputEvents = YES;
				INFOPLIST_KEY_UILaunchScreen_Generation = YES;
				INFOPLIST_KEY_UISupportedInterfaceOrientations_iPad = "UIInterfaceOrientationPortrait UIInterfaceOrientationPortraitUpsideDown UIInterfaceOrientationLandscapeLeft UIInterfaceOrientationLandscapeRight";
				INFOPLIST_KEY_UISupportedInterfaceOrientations_iPhone = "UIInterfaceOrientationPortrait UIInterfaceOrientationLandscapeLeft UIInterfaceOrientationLandscapeRight";
				IPHONEOS_DEPLOYMENT_TARGET = 15;
				LD_RUNPATH_SEARCH_PATHS = (
					"$(inherited)",
					"@executable_path/Frameworks",
				);
				MARKETING_VERSION = 1.0;
				PRODUCT_BUNDLE_IDENTIFIER = MichailDev.Chats;
				PRODUCT_NAME = "$(TARGET_NAME)";
				SUPPORTED_PLATFORMS = "iphoneos iphonesimulator";
				SUPPORTS_MACCATALYST = NO;
				SUPPORTS_MAC_DESIGNED_FOR_IPHONE_IPAD = NO;
				SWIFT_EMIT_LOC_STRINGS = YES;
				SWIFT_VERSION = 5.0;
				TARGETED_DEVICE_FAMILY = 1;
			};
			name = Release;
		};
/* End XCBuildConfiguration section */

/* Begin XCConfigurationList section */
		D70DF7DB2A31DE8B001B98E5 /* Build configuration list for PBXProject "Chats" */ = {
			isa = XCConfigurationList;
			buildConfigurations = (
				D70DF7EC2A31DE8E001B98E5 /* Debug */,
				D70DF7ED2A31DE8E001B98E5 /* Release */,
			);
			defaultConfigurationIsVisible = 0;
			defaultConfigurationName = Release;
		};
		D70DF7EE2A31DE8E001B98E5 /* Build configuration list for PBXNativeTarget "Chats" */ = {
			isa = XCConfigurationList;
			buildConfigurations = (
				D70DF7EF2A31DE8E001B98E5 /* Debug */,
				D70DF7F02A31DE8E001B98E5 /* Release */,
			);
			defaultConfigurationIsVisible = 0;
			defaultConfigurationName = Release;
		};
/* End XCConfigurationList section */
	};
	rootObject = D70DF7D82A31DE8B001B98E5 /* Project object */;
}
